
Microsoft Visual Studio Solution File, Format Version 12.00
# Visual Studio Version 17
VisualStudioVersion = 17.5.33424.131
MinimumVisualStudioVersion = 10.0.40219.1
Project("{FAE04EC0-301F-11D3-BF4B-00C04F79EFBC}") = "PWS_Lab1", "PWS_Lab1\PWS_Lab1.csproj", "{188522F8-D8CD-438C-9083-D440C2DB24BC}"
EndProject
Global
	GlobalSection(SolutionConfigurationPlatforms) = preSolution
		Debug|Any CPU = Debug|Any CPU
		Release|Any CPU = Release|Any CPU
	EndGlobalSection
	GlobalSection(ProjectConfigurationPlatforms) = postSolution
		{188522F8-D8CD-438C-9083-D440C2DB24BC}.Debug|Any CPU.ActiveCfg = Debug|Any CPU
		{188522F8-D8CD-438C-9083-D440C2DB24BC}.Debug|Any CPU.Build.0 = Debug|Any CPU
		{188522F8-D8CD-438C-9083-D440C2DB24BC}.Release|Any CPU.ActiveCfg = Release|Any CPU
		{188522F8-D8CD-438C-9083-D440C2DB24BC}.Release|Any CPU.Build.0 = Release|Any CPU
	EndGlobalSection
	GlobalSection(SolutionProperties) = preSolution
		HideSolutionNode = FALSE
	EndGlobalSection
	GlobalSection(ExtensibilityGlobals) = postSolution
		SolutionGuid = {292E9289-177C-4979-BDAF-72424CB6CC5F}
	EndGlobalSection
EndGlobal
