
Microsoft Visual Studio Solution File, Format Version 12.00
# Visual Studio Version 17
VisualStudioVersion = 17.5.33424.131
MinimumVisualStudioVersion = 10.0.40219.1
Project("{FAE04EC0-301F-11D3-BF4B-00C04F79EFBC}") = "PWS_Lab3", "PWS_Lab3\PWS_Lab3.csproj", "{9B4C3203-03E2-4CDB-8571-31D1A56315E6}"
EndProject
Global
	GlobalSection(SolutionConfigurationPlatforms) = preSolution
		Debug|Any CPU = Debug|Any CPU
		Release|Any CPU = Release|Any CPU
	EndGlobalSection
	GlobalSection(ProjectConfigurationPlatforms) = postSolution
		{9B4C3203-03E2-4CDB-8571-31D1A56315E6}.Debug|Any CPU.ActiveCfg = Debug|Any CPU
		{9B4C3203-03E2-4CDB-8571-31D1A56315E6}.Debug|Any CPU.Build.0 = Debug|Any CPU
		{9B4C3203-03E2-4CDB-8571-31D1A56315E6}.Release|Any CPU.ActiveCfg = Release|Any CPU
		{9B4C3203-03E2-4CDB-8571-31D1A56315E6}.Release|Any CPU.Build.0 = Release|Any CPU
	EndGlobalSection
	GlobalSection(SolutionProperties) = preSolution
		HideSolutionNode = FALSE
	EndGlobalSection
	GlobalSection(ExtensibilityGlobals) = postSolution
		SolutionGuid = {70E9DE4E-AB10-4C9D-8984-5B79994E0CFD}
	EndGlobalSection
EndGlobal
